
Microsoft Visual Studio Solution File, Format Version 12.00
# Visual Studio 15
VisualStudioVersion = 15.0.28307.902
MinimumVisualStudioVersion = 10.0.40219.1
Project("{FAE04EC0-301F-11D3-BF4B-00C04F79EFBC}") = "EndPointCompare", "EndPointCompare\EndPointCompare.csproj", "{B0BBB826-344D-4CA5-9CA5-53CD632B1AA2}"
EndProject
Project("{FAE04EC0-301F-11D3-BF4B-00C04F79EFBC}") = "ApiEndPointReportGenerator", "ApiEndPointReportGenerator\ApiEndPointReportGenerator.csproj", "{EB3572F8-59FC-4280-874D-C1496B47515D}"
EndProject
Project("{FAE04EC0-301F-11D3-BF4B-00C04F79EFBC}") = "Core", "Core\Core.csproj", "{B429C2D3-8835-4A8F-BFAF-0BC81C043D00}"
EndProject
Global
	GlobalSection(SolutionConfigurationPlatforms) = preSolution
		Debug|Any CPU = Debug|Any CPU
		Release|Any CPU = Release|Any CPU
	EndGlobalSection
	GlobalSection(ProjectConfigurationPlatforms) = postSolution
		{B0BBB826-344D-4CA5-9CA5-53CD632B1AA2}.Debug|Any CPU.ActiveCfg = Debug|Any CPU
		{B0BBB826-344D-4CA5-9CA5-53CD632B1AA2}.Debug|Any CPU.Build.0 = Debug|Any CPU
		{B0BBB826-344D-4CA5-9CA5-53CD632B1AA2}.Release|Any CPU.ActiveCfg = Release|Any CPU
		{B0BBB826-344D-4CA5-9CA5-53CD632B1AA2}.Release|Any CPU.Build.0 = Release|Any CPU
		{EB3572F8-59FC-4280-874D-C1496B47515D}.Debug|Any CPU.ActiveCfg = Debug|Any CPU
		{EB3572F8-59FC-4280-874D-C1496B47515D}.Debug|Any CPU.Build.0 = Debug|Any CPU
		{EB3572F8-59FC-4280-874D-C1496B47515D}.Release|Any CPU.ActiveCfg = Release|Any CPU
		{EB3572F8-59FC-4280-874D-C1496B47515D}.Release|Any CPU.Build.0 = Release|Any CPU
		{B429C2D3-8835-4A8F-BFAF-0BC81C043D00}.Debug|Any CPU.ActiveCfg = Debug|Any CPU
		{B429C2D3-8835-4A8F-BFAF-0BC81C043D00}.Debug|Any CPU.Build.0 = Debug|Any CPU
		{B429C2D3-8835-4A8F-BFAF-0BC81C043D00}.Release|Any CPU.ActiveCfg = Release|Any CPU
		{B429C2D3-8835-4A8F-BFAF-0BC81C043D00}.Release|Any CPU.Build.0 = Release|Any CPU
	EndGlobalSection
	GlobalSection(SolutionProperties) = preSolution
		HideSolutionNode = FALSE
	EndGlobalSection
	GlobalSection(ExtensibilityGlobals) = postSolution
		SolutionGuid = {C7B8A06B-F5B2-42CB-895F-691A683C212B}
	EndGlobalSection
EndGlobal
